
Microsoft Visual Studio Solution File, Format Version 12.00
# Visual Studio 15
VisualStudioVersion = 15.0.28307.1525
MinimumVisualStudioVersion = 10.0.40219.1
Project("{8BC9CEB8-8B4A-11D0-8D11-00A0C91BC942}") = "DCFileWatcher", "DCFileWatcher.vcxproj", "{F42C0132-F423-4B2E-834C-86463D037D17}"
EndProject
Global
	GlobalSection(SolutionConfigurationPlatforms) = preSolution
		Debug|x64 = Debug|x64
		Debug|x86 = Debug|x86
		Release|x64 = Release|x64
		Release|x86 = Release|x86
	EndGlobalSection
	GlobalSection(ProjectConfigurationPlatforms) = postSolution
		{F42C0132-F423-4B2E-834C-86463D037D17}.Debug|x64.ActiveCfg = Debug|x64
		{F42C0132-F423-4B2E-834C-86463D037D17}.Debug|x64.Build.0 = Debug|x64
		{F42C0132-F423-4B2E-834C-86463D037D17}.Debug|x86.ActiveCfg = Debug|Win32
		{F42C0132-F423-4B2E-834C-86463D037D17}.Debug|x86.Build.0 = Debug|Win32
		{F42C0132-F423-4B2E-834C-86463D037D17}.Release|x64.ActiveCfg = Release|x64
		{F42C0132-F423-4B2E-834C-86463D037D17}.Release|x64.Build.0 = Release|x64
		{F42C0132-F423-4B2E-834C-86463D037D17}.Release|x86.ActiveCfg = Release|Win32
		{F42C0132-F423-4B2E-834C-86463D037D17}.Release|x86.Build.0 = Release|Win32
	EndGlobalSection
	GlobalSection(SolutionProperties) = preSolution
		HideSolutionNode = FALSE
	EndGlobalSection
	GlobalSection(ExtensibilityGlobals) = postSolution
		SolutionGuid = {A309A521-7798-456E-B4E8-800831D37290}
	EndGlobalSection
EndGlobal
